
Microsoft Visual Studio Solution File, Format Version 12.00
# Visual Studio Version 17
VisualStudioVersion = 17.8.34330.188
MinimumVisualStudioVersion = 10.0.40219.1
Project("{9A19103F-16F7-4668-BE54-9A1E7A4F7556}") = "LibraryApiMessenger", "LibraryApiMessenger\LibraryApiMessenger.csproj", "{1449A8BC-9BDB-4671-8E11-AA6112813B43}"
EndProject
Project("{9A19103F-16F7-4668-BE54-9A1E7A4F7556}") = "ServiceUserApi", "ServiceUserApi\ServiceUserApi.csproj", "{4850299C-DD47-4FD7-9682-3A8416914D0B}"
EndProject
Project("{FAE04EC0-301F-11D3-BF4B-00C04F79EFBC}") = "ServiceMessageApi", "ServiceMessageApi\ServiceMessageApi.csproj", "{FED2B7E4-E53D-49E2-B3DB-F031C3EF9FA2}"
EndProject
Project("{FAE04EC0-301F-11D3-BF4B-00C04F79EFBC}") = "ApiGateWay", "ApiGateWay\ApiGateWay.csproj", "{F15CB9DA-15E6-44D3-A177-7FB33574B9A4}"
EndProject
Global
	GlobalSection(SolutionConfigurationPlatforms) = preSolution
		Debug|Any CPU = Debug|Any CPU
		Release|Any CPU = Release|Any CPU
	EndGlobalSection
	GlobalSection(ProjectConfigurationPlatforms) = postSolution
		{1449A8BC-9BDB-4671-8E11-AA6112813B43}.Debug|Any CPU.ActiveCfg = Debug|Any CPU
		{1449A8BC-9BDB-4671-8E11-AA6112813B43}.Debug|Any CPU.Build.0 = Debug|Any CPU
		{1449A8BC-9BDB-4671-8E11-AA6112813B43}.Release|Any CPU.ActiveCfg = Release|Any CPU
		{1449A8BC-9BDB-4671-8E11-AA6112813B43}.Release|Any CPU.Build.0 = Release|Any CPU
		{4850299C-DD47-4FD7-9682-3A8416914D0B}.Debug|Any CPU.ActiveCfg = Debug|Any CPU
		{4850299C-DD47-4FD7-9682-3A8416914D0B}.Debug|Any CPU.Build.0 = Debug|Any CPU
		{4850299C-DD47-4FD7-9682-3A8416914D0B}.Release|Any CPU.ActiveCfg = Release|Any CPU
		{4850299C-DD47-4FD7-9682-3A8416914D0B}.Release|Any CPU.Build.0 = Release|Any CPU
		{FED2B7E4-E53D-49E2-B3DB-F031C3EF9FA2}.Debug|Any CPU.ActiveCfg = Debug|Any CPU
		{FED2B7E4-E53D-49E2-B3DB-F031C3EF9FA2}.Debug|Any CPU.Build.0 = Debug|Any CPU
		{FED2B7E4-E53D-49E2-B3DB-F031C3EF9FA2}.Release|Any CPU.ActiveCfg = Release|Any CPU
		{FED2B7E4-E53D-49E2-B3DB-F031C3EF9FA2}.Release|Any CPU.Build.0 = Release|Any CPU
		{F15CB9DA-15E6-44D3-A177-7FB33574B9A4}.Debug|Any CPU.ActiveCfg = Debug|Any CPU
		{F15CB9DA-15E6-44D3-A177-7FB33574B9A4}.Debug|Any CPU.Build.0 = Debug|Any CPU
		{F15CB9DA-15E6-44D3-A177-7FB33574B9A4}.Release|Any CPU.ActiveCfg = Release|Any CPU
		{F15CB9DA-15E6-44D3-A177-7FB33574B9A4}.Release|Any CPU.Build.0 = Release|Any CPU
	EndGlobalSection
	GlobalSection(SolutionProperties) = preSolution
		HideSolutionNode = FALSE
	EndGlobalSection
	GlobalSection(ExtensibilityGlobals) = postSolution
		SolutionGuid = {A505915D-E176-4B59-99B1-7121B60E6389}
	EndGlobalSection
EndGlobal
